// !$*UTF8*$!
{
	archiveVersion = 1;
	classes = {
	};
	objectVersion = 56;
	objects = {

/* Begin PBXBuildFile section */
		BE3853B62995D0490068EE33 /* HNewsAPI.swift in Sources */ = {isa = PBXBuildFile; fileRef = BE3853B52995D0490068EE33 /* HNewsAPI.swift */; };
		BE3853B92995FF1A0068EE33 /* YNStoriesService.swift in Sources */ = {isa = PBXBuildFile; fileRef = BE3853B82995FF1A0068EE33 /* YNStoriesService.swift */; };
		BE3853BD299601370068EE33 /* YNItemCell.swift in Sources */ = {isa = PBXBuildFile; fileRef = BE3853BC299601370068EE33 /* YNItemCell.swift */; };
		BE3853C0299608780068EE33 /* YNActivityIndicatorView.swift in Sources */ = {isa = PBXBuildFile; fileRef = BE3853BF299608780068EE33 /* YNActivityIndicatorView.swift */; };
		BE3853C82997069D0068EE33 /* YNStoryDetailScreen.swift in Sources */ = {isa = PBXBuildFile; fileRef = BE3853C72997069D0068EE33 /* YNStoryDetailScreen.swift */; };
		BE3853CA29974EDB0068EE33 /* YNTableView.swift in Sources */ = {isa = PBXBuildFile; fileRef = BE3853C929974EDB0068EE33 /* YNTableView.swift */; };
		BE3853CD299758770068EE33 /* UIViewControllerPreview.swift in Sources */ = {isa = PBXBuildFile; fileRef = BE3853CC299758770068EE33 /* UIViewControllerPreview.swift */; };
		BE3853CF29975ED70068EE33 /* mock.json in Resources */ = {isa = PBXBuildFile; fileRef = BE3853CE29975ED70068EE33 /* mock.json */; };
		BE3853D129981B6B0068EE33 /* YNCommentsService.swift in Sources */ = {isa = PBXBuildFile; fileRef = BE3853D029981B6B0068EE33 /* YNCommentsService.swift */; };
		BE3853D32998212E0068EE33 /* YNCommentCell.swift in Sources */ = {isa = PBXBuildFile; fileRef = BE3853D22998212E0068EE33 /* YNCommentCell.swift */; };
		BE3853D82998CA070068EE33 /* YNStoryEndpoints.swift in Sources */ = {isa = PBXBuildFile; fileRef = BE3853D72998CA070068EE33 /* YNStoryEndpoints.swift */; };
		BE3B8349299C36F700B1B0E5 /* YNRootSplitViewController.swift in Sources */ = {isa = PBXBuildFile; fileRef = BE3B8348299C36F700B1B0E5 /* YNRootSplitViewController.swift */; };
		BE3B834C299C39F400B1B0E5 /* YNPrimaryViewController.swift in Sources */ = {isa = PBXBuildFile; fileRef = BE3B834B299C39F400B1B0E5 /* YNPrimaryViewController.swift */; };
		BE3B834E299C3BDD00B1B0E5 /* YNSelectionCell.swift in Sources */ = {isa = PBXBuildFile; fileRef = BE3B834D299C3BDD00B1B0E5 /* YNSelectionCell.swift */; };
		BE3B8350299C3D0300B1B0E5 /* YNSelectionProtocol.swift in Sources */ = {isa = PBXBuildFile; fileRef = BE3B834F299C3D0300B1B0E5 /* YNSelectionProtocol.swift */; };
		BE3B8354299C3D8700B1B0E5 /* YNSelectionSection.swift in Sources */ = {isa = PBXBuildFile; fileRef = BE3B8353299C3D8700B1B0E5 /* YNSelectionSection.swift */; };
		BE3B8356299C439000B1B0E5 /* YNBookmarksEndpoint.swift in Sources */ = {isa = PBXBuildFile; fileRef = BE3B8355299C439000B1B0E5 /* YNBookmarksEndpoint.swift */; };
		BE3B8358299C50B600B1B0E5 /* YNSecondaryViewController.swift in Sources */ = {isa = PBXBuildFile; fileRef = BE3B8357299C50B600B1B0E5 /* YNSecondaryViewController.swift */; };
		BED60A72299999980019CBF4 /* UIViewPreview.swift in Sources */ = {isa = PBXBuildFile; fileRef = BED60A71299999980019CBF4 /* UIViewPreview.swift */; };
		BED60A7429999ABE0019CBF4 /* YNStoryTypeSelector.swift in Sources */ = {isa = PBXBuildFile; fileRef = BED60A7329999ABE0019CBF4 /* YNStoryTypeSelector.swift */; };
		BEEBFB302995B8AE00FAD75B /* AppDelegate.swift in Sources */ = {isa = PBXBuildFile; fileRef = BEEBFB2F2995B8AE00FAD75B /* AppDelegate.swift */; };
		BEEBFB322995B8AE00FAD75B /* SceneDelegate.swift in Sources */ = {isa = PBXBuildFile; fileRef = BEEBFB312995B8AE00FAD75B /* SceneDelegate.swift */; };
		BEEBFB342995B8AE00FAD75B /* YNRootTabScreen.swift in Sources */ = {isa = PBXBuildFile; fileRef = BEEBFB332995B8AE00FAD75B /* YNRootTabScreen.swift */; };
		BEEBFB392995B8AE00FAD75B /* Assets.xcassets in Resources */ = {isa = PBXBuildFile; fileRef = BEEBFB382995B8AE00FAD75B /* Assets.xcassets */; };
		BEEBFB3C2995B8AE00FAD75B /* LaunchScreen.storyboard in Resources */ = {isa = PBXBuildFile; fileRef = BEEBFB3A2995B8AE00FAD75B /* LaunchScreen.storyboard */; };
		BEEBFB482995C66B00FAD75B /* YNStoriesScreen.swift in Sources */ = {isa = PBXBuildFile; fileRef = BEEBFB472995C66B00FAD75B /* YNStoriesScreen.swift */; };
		BEEBFB4A2995C67A00FAD75B /* YNBookmarksScreen.swift in Sources */ = {isa = PBXBuildFile; fileRef = BEEBFB492995C67A00FAD75B /* YNBookmarksScreen.swift */; };
		BEEBFB502995CCEC00FAD75B /* YNItem.swift in Sources */ = {isa = PBXBuildFile; fileRef = BEEBFB4F2995CCEC00FAD75B /* YNItem.swift */; };
/* End PBXBuildFile section */

/* Begin PBXFileReference section */
		BE3853B52995D0490068EE33 /* HNewsAPI.swift */ = {isa = PBXFileReference; lastKnownFileType = sourcecode.swift; path = HNewsAPI.swift; sourceTree = "<group>"; };
		BE3853B82995FF1A0068EE33 /* YNStoriesService.swift */ = {isa = PBXFileReference; lastKnownFileType = sourcecode.swift; path = YNStoriesService.swift; sourceTree = "<group>"; };
		BE3853BC299601370068EE33 /* YNItemCell.swift */ = {isa = PBXFileReference; lastKnownFileType = sourcecode.swift; path = YNItemCell.swift; sourceTree = "<group>"; };
		BE3853BF299608780068EE33 /* YNActivityIndicatorView.swift */ = {isa = PBXFileReference; lastKnownFileType = sourcecode.swift; path = YNActivityIndicatorView.swift; sourceTree = "<group>"; };
		BE3853C72997069D0068EE33 /* YNStoryDetailScreen.swift */ = {isa = PBXFileReference; lastKnownFileType = sourcecode.swift; path = YNStoryDetailScreen.swift; sourceTree = "<group>"; };
		BE3853C929974EDB0068EE33 /* YNTableView.swift */ = {isa = PBXFileReference; lastKnownFileType = sourcecode.swift; path = YNTableView.swift; sourceTree = "<group>"; };
		BE3853CC299758770068EE33 /* UIViewControllerPreview.swift */ = {isa = PBXFileReference; lastKnownFileType = sourcecode.swift; path = UIViewControllerPreview.swift; sourceTree = "<group>"; };
		BE3853CE29975ED70068EE33 /* mock.json */ = {isa = PBXFileReference; lastKnownFileType = text.json; path = mock.json; sourceTree = "<group>"; };
		BE3853D029981B6B0068EE33 /* YNCommentsService.swift */ = {isa = PBXFileReference; lastKnownFileType = sourcecode.swift; path = YNCommentsService.swift; sourceTree = "<group>"; };
		BE3853D22998212E0068EE33 /* YNCommentCell.swift */ = {isa = PBXFileReference; lastKnownFileType = sourcecode.swift; path = YNCommentCell.swift; sourceTree = "<group>"; };
		BE3853D72998CA070068EE33 /* YNStoryEndpoints.swift */ = {isa = PBXFileReference; lastKnownFileType = sourcecode.swift; path = YNStoryEndpoints.swift; sourceTree = "<group>"; };
		BE3B8348299C36F700B1B0E5 /* YNRootSplitViewController.swift */ = {isa = PBXFileReference; lastKnownFileType = sourcecode.swift; path = YNRootSplitViewController.swift; sourceTree = "<group>"; };
		BE3B834B299C39F400B1B0E5 /* YNPrimaryViewController.swift */ = {isa = PBXFileReference; lastKnownFileType = sourcecode.swift; path = YNPrimaryViewController.swift; sourceTree = "<group>"; };
		BE3B834D299C3BDD00B1B0E5 /* YNSelectionCell.swift */ = {isa = PBXFileReference; lastKnownFileType = sourcecode.swift; path = YNSelectionCell.swift; sourceTree = "<group>"; };
		BE3B834F299C3D0300B1B0E5 /* YNSelectionProtocol.swift */ = {isa = PBXFileReference; lastKnownFileType = sourcecode.swift; path = YNSelectionProtocol.swift; sourceTree = "<group>"; };
		BE3B8353299C3D8700B1B0E5 /* YNSelectionSection.swift */ = {isa = PBXFileReference; lastKnownFileType = sourcecode.swift; path = YNSelectionSection.swift; sourceTree = "<group>"; };
		BE3B8355299C439000B1B0E5 /* YNBookmarksEndpoint.swift */ = {isa = PBXFileReference; lastKnownFileType = sourcecode.swift; path = YNBookmarksEndpoint.swift; sourceTree = "<group>"; };
		BE3B8357299C50B600B1B0E5 /* YNSecondaryViewController.swift */ = {isa = PBXFileReference; lastKnownFileType = sourcecode.swift; path = YNSecondaryViewController.swift; sourceTree = "<group>"; };
		BED60A71299999980019CBF4 /* UIViewPreview.swift */ = {isa = PBXFileReference; lastKnownFileType = sourcecode.swift; path = UIViewPreview.swift; sourceTree = "<group>"; };
		BED60A7329999ABE0019CBF4 /* YNStoryTypeSelector.swift */ = {isa = PBXFileReference; lastKnownFileType = sourcecode.swift; path = YNStoryTypeSelector.swift; sourceTree = "<group>"; };
		BEEBFB2C2995B8AE00FAD75B /* YNews.app */ = {isa = PBXFileReference; explicitFileType = wrapper.application; includeInIndex = 0; path = YNews.app; sourceTree = BUILT_PRODUCTS_DIR; };
		BEEBFB2F2995B8AE00FAD75B /* AppDelegate.swift */ = {isa = PBXFileReference; lastKnownFileType = sourcecode.swift; path = AppDelegate.swift; sourceTree = "<group>"; };
		BEEBFB312995B8AE00FAD75B /* SceneDelegate.swift */ = {isa = PBXFileReference; lastKnownFileType = sourcecode.swift; path = SceneDelegate.swift; sourceTree = "<group>"; };
		BEEBFB332995B8AE00FAD75B /* YNRootTabScreen.swift */ = {isa = PBXFileReference; lastKnownFileType = sourcecode.swift; path = YNRootTabScreen.swift; sourceTree = "<group>"; };
		BEEBFB382995B8AE00FAD75B /* Assets.xcassets */ = {isa = PBXFileReference; lastKnownFileType = folder.assetcatalog; path = Assets.xcassets; sourceTree = "<group>"; };
		BEEBFB3B2995B8AE00FAD75B /* Base */ = {isa = PBXFileReference; lastKnownFileType = file.storyboard; name = Base; path = Base.lproj/LaunchScreen.storyboard; sourceTree = "<group>"; };
		BEEBFB3D2995B8AE00FAD75B /* Info.plist */ = {isa = PBXFileReference; lastKnownFileType = text.plist.xml; path = Info.plist; sourceTree = "<group>"; };
		BEEBFB472995C66B00FAD75B /* YNStoriesScreen.swift */ = {isa = PBXFileReference; lastKnownFileType = sourcecode.swift; path = YNStoriesScreen.swift; sourceTree = "<group>"; };
		BEEBFB492995C67A00FAD75B /* YNBookmarksScreen.swift */ = {isa = PBXFileReference; lastKnownFileType = sourcecode.swift; path = YNBookmarksScreen.swift; sourceTree = "<group>"; };
		BEEBFB4F2995CCEC00FAD75B /* YNItem.swift */ = {isa = PBXFileReference; lastKnownFileType = sourcecode.swift; path = YNItem.swift; sourceTree = "<group>"; };
/* End PBXFileReference section */

/* Begin PBXFrameworksBuildPhase section */
		BEEBFB292995B8AE00FAD75B /* Frameworks */ = {
			isa = PBXFrameworksBuildPhase;
			buildActionMask = 2147483647;
			files = (
			);
			runOnlyForDeploymentPostprocessing = 0;
		};
/* End PBXFrameworksBuildPhase section */

/* Begin PBXGroup section */
		BE3853C12996F30C0068EE33 /* Application */ = {
			isa = PBXGroup;
			children = (
				BEEBFB2F2995B8AE00FAD75B /* AppDelegate.swift */,
				BEEBFB312995B8AE00FAD75B /* SceneDelegate.swift */,
			);
			path = Application;
			sourceTree = "<group>";
		};
		BE3853C22996F3170068EE33 /* Networking */ = {
			isa = PBXGroup;
			children = (
				BE3853B52995D0490068EE33 /* HNewsAPI.swift */,
			);
			path = Networking;
			sourceTree = "<group>";
		};
		BE3853C32996F32A0068EE33 /* Models */ = {
			isa = PBXGroup;
			children = (
				BE3B8351299C3D0600B1B0E5 /* Protocols */,
				BEEBFB4F2995CCEC00FAD75B /* YNItem.swift */,
				BE3853D72998CA070068EE33 /* YNStoryEndpoints.swift */,
				BE3B8353299C3D8700B1B0E5 /* YNSelectionSection.swift */,
				BE3B8355299C439000B1B0E5 /* YNBookmarksEndpoint.swift */,
			);
			path = Models;
			sourceTree = "<group>";
		};
		BE3853C42996F3340068EE33 /* Screens */ = {
			isa = PBXGroup;
			children = (
				BE3B834A299C39C500B1B0E5 /* iPad */,
				BEEBFB332995B8AE00FAD75B /* YNRootTabScreen.swift */,
				BEEBFB472995C66B00FAD75B /* YNStoriesScreen.swift */,
				BEEBFB492995C67A00FAD75B /* YNBookmarksScreen.swift */,
				BE3853C72997069D0068EE33 /* YNStoryDetailScreen.swift */,
			);
			path = Screens;
			sourceTree = "<group>";
		};
		BE3853C52996F3410068EE33 /* Views */ = {
			isa = PBXGroup;
			children = (
				BE3853CB299758660068EE33 /* Utils */,
				BE3853BF299608780068EE33 /* YNActivityIndicatorView.swift */,
				BE3853BC299601370068EE33 /* YNItemCell.swift */,
				BE3853C929974EDB0068EE33 /* YNTableView.swift */,
				BE3853D22998212E0068EE33 /* YNCommentCell.swift */,
				BED60A7329999ABE0019CBF4 /* YNStoryTypeSelector.swift */,
				BE3B834D299C3BDD00B1B0E5 /* YNSelectionCell.swift */,
			);
			path = Views;
			sourceTree = "<group>";
		};
		BE3853C62996F35C0068EE33 /* Services */ = {
			isa = PBXGroup;
			children = (
				BE3853B82995FF1A0068EE33 /* YNStoriesService.swift */,
				BE3853D029981B6B0068EE33 /* YNCommentsService.swift */,
			);
			path = Services;
			sourceTree = "<group>";
		};
		BE3853CB299758660068EE33 /* Utils */ = {
			isa = PBXGroup;
			children = (
				BE3853CC299758770068EE33 /* UIViewControllerPreview.swift */,
				BED60A71299999980019CBF4 /* UIViewPreview.swift */,
			);
			path = Utils;
			sourceTree = "<group>";
		};
		BE3B834A299C39C500B1B0E5 /* iPad */ = {
			isa = PBXGroup;
			children = (
				BE3B8348299C36F700B1B0E5 /* YNRootSplitViewController.swift */,
				BE3B834B299C39F400B1B0E5 /* YNPrimaryViewController.swift */,
				BE3B8357299C50B600B1B0E5 /* YNSecondaryViewController.swift */,
			);
			path = iPad;
			sourceTree = "<group>";
		};
		BE3B8351299C3D0600B1B0E5 /* Protocols */ = {
			isa = PBXGroup;
			children = (
				BE3B834F299C3D0300B1B0E5 /* YNSelectionProtocol.swift */,
			);
			path = Protocols;
			sourceTree = "<group>";
		};
		BEEBFB232995B8AE00FAD75B = {
			isa = PBXGroup;
			children = (
				BEEBFB2E2995B8AE00FAD75B /* YNews */,
				BEEBFB2D2995B8AE00FAD75B /* Products */,
			);
			sourceTree = "<group>";
		};
		BEEBFB2D2995B8AE00FAD75B /* Products */ = {
			isa = PBXGroup;
			children = (
				BEEBFB2C2995B8AE00FAD75B /* YNews.app */,
			);
			name = Products;
			sourceTree = "<group>";
		};
		BEEBFB2E2995B8AE00FAD75B /* YNews */ = {
			isa = PBXGroup;
			children = (
				BE3853C12996F30C0068EE33 /* Application */,
				BE3853C32996F32A0068EE33 /* Models */,
				BE3853C22996F3170068EE33 /* Networking */,
				BE3853C42996F3340068EE33 /* Screens */,
				BE3853C62996F35C0068EE33 /* Services */,
				BEEBFB442995B8C200FAD75B /* Support */,
				BE3853C52996F3410068EE33 /* Views */,
			);
			path = YNews;
			sourceTree = "<group>";
		};
		BEEBFB442995B8C200FAD75B /* Support */ = {
			isa = PBXGroup;
			children = (
				BEEBFB382995B8AE00FAD75B /* Assets.xcassets */,
				BEEBFB3A2995B8AE00FAD75B /* LaunchScreen.storyboard */,
				BEEBFB3D2995B8AE00FAD75B /* Info.plist */,
				BE3853CE29975ED70068EE33 /* mock.json */,
			);
			name = Support;
			sourceTree = "<group>";
		};
/* End PBXGroup section */

/* Begin PBXNativeTarget section */
		BEEBFB2B2995B8AE00FAD75B /* YNews */ = {
			isa = PBXNativeTarget;
			buildConfigurationList = BEEBFB402995B8AE00FAD75B /* Build configuration list for PBXNativeTarget "YNews" */;
			buildPhases = (
				BEEBFB282995B8AE00FAD75B /* Sources */,
				BEEBFB292995B8AE00FAD75B /* Frameworks */,
				BEEBFB2A2995B8AE00FAD75B /* Resources */,
			);
			buildRules = (
			);
			dependencies = (
			);
			name = YNews;
			productName = YNews;
			productReference = BEEBFB2C2995B8AE00FAD75B /* YNews.app */;
			productType = "com.apple.product-type.application";
		};
/* End PBXNativeTarget section */

/* Begin PBXProject section */
		BEEBFB242995B8AE00FAD75B /* Project object */ = {
			isa = PBXProject;
			attributes = {
				BuildIndependentTargetsInParallel = 1;
				LastSwiftUpdateCheck = 1420;
				LastUpgradeCheck = 1420;
				TargetAttributes = {
					BEEBFB2B2995B8AE00FAD75B = {
						CreatedOnToolsVersion = 14.2;
					};
				};
			};
			buildConfigurationList = BEEBFB272995B8AE00FAD75B /* Build configuration list for PBXProject "YNews" */;
			compatibilityVersion = "Xcode 14.0";
			developmentRegion = en;
			hasScannedForEncodings = 0;
			knownRegions = (
				en,
				Base,
			);
			mainGroup = BEEBFB232995B8AE00FAD75B;
			productRefGroup = BEEBFB2D2995B8AE00FAD75B /* Products */;
			projectDirPath = "";
			projectRoot = "";
			targets = (
				BEEBFB2B2995B8AE00FAD75B /* YNews */,
			);
		};
/* End PBXProject section */

/* Begin PBXResourcesBuildPhase section */
		BEEBFB2A2995B8AE00FAD75B /* Resources */ = {
			isa = PBXResourcesBuildPhase;
			buildActionMask = 2147483647;
			files = (
				BEEBFB3C2995B8AE00FAD75B /* LaunchScreen.storyboard in Resources */,
				BEEBFB392995B8AE00FAD75B /* Assets.xcassets in Resources */,
				BE3853CF29975ED70068EE33 /* mock.json in Resources */,
			);
			runOnlyForDeploymentPostprocessing = 0;
		};
/* End PBXResourcesBuildPhase section */

/* Begin PBXSourcesBuildPhase section */
		BEEBFB282995B8AE00FAD75B /* Sources */ = {
			isa = PBXSourcesBuildPhase;
			buildActionMask = 2147483647;
			files = (
				BE3B8354299C3D8700B1B0E5 /* YNSelectionSection.swift in Sources */,
				BE3853B92995FF1A0068EE33 /* YNStoriesService.swift in Sources */,
				BE3B8350299C3D0300B1B0E5 /* YNSelectionProtocol.swift in Sources */,
				BE3853CD299758770068EE33 /* UIViewControllerPreview.swift in Sources */,
				BEEBFB342995B8AE00FAD75B /* YNRootTabScreen.swift in Sources */,
				BE3853C82997069D0068EE33 /* YNStoryDetailScreen.swift in Sources */,
				BE3853C0299608780068EE33 /* YNActivityIndicatorView.swift in Sources */,
				BE3B8358299C50B600B1B0E5 /* YNSecondaryViewController.swift in Sources */,
				BE3B8349299C36F700B1B0E5 /* YNRootSplitViewController.swift in Sources */,
				BE3853BD299601370068EE33 /* YNItemCell.swift in Sources */,
				BEEBFB4A2995C67A00FAD75B /* YNBookmarksScreen.swift in Sources */,
				BED60A7429999ABE0019CBF4 /* YNStoryTypeSelector.swift in Sources */,
				BE3853CA29974EDB0068EE33 /* YNTableView.swift in Sources */,
				BEEBFB482995C66B00FAD75B /* YNStoriesScreen.swift in Sources */,
				BE3B8356299C439000B1B0E5 /* YNBookmarksEndpoint.swift in Sources */,
				BE3853B62995D0490068EE33 /* HNewsAPI.swift in Sources */,
				BE3853D129981B6B0068EE33 /* YNCommentsService.swift in Sources */,
				BED60A72299999980019CBF4 /* UIViewPreview.swift in Sources */,
				BE3B834E299C3BDD00B1B0E5 /* YNSelectionCell.swift in Sources */,
				BEEBFB302995B8AE00FAD75B /* AppDelegate.swift in Sources */,
				BEEBFB502995CCEC00FAD75B /* YNItem.swift in Sources */,
				BE3853D82998CA070068EE33 /* YNStoryEndpoints.swift in Sources */,
				BE3853D32998212E0068EE33 /* YNCommentCell.swift in Sources */,
				BE3B834C299C39F400B1B0E5 /* YNPrimaryViewController.swift in Sources */,
				BEEBFB322995B8AE00FAD75B /* SceneDelegate.swift in Sources */,
			);
			runOnlyForDeploymentPostprocessing = 0;
		};
/* End PBXSourcesBuildPhase section */

/* Begin PBXVariantGroup section */
		BEEBFB3A2995B8AE00FAD75B /* LaunchScreen.storyboard */ = {
			isa = PBXVariantGroup;
			children = (
				BEEBFB3B2995B8AE00FAD75B /* Base */,
			);
			name = LaunchScreen.storyboard;
			sourceTree = "<group>";
		};
/* End PBXVariantGroup section */

/* Begin XCBuildConfiguration section */
		BEEBFB3E2995B8AE00FAD75B /* Debug */ = {
			isa = XCBuildConfiguration;
			buildSettings = {
				ALWAYS_SEARCH_USER_PATHS = NO;
				CLANG_ANALYZER_NONNULL = YES;
				CLANG_ANALYZER_NUMBER_OBJECT_CONVERSION = YES_AGGRESSIVE;
				CLANG_CXX_LANGUAGE_STANDARD = "gnu++20";
				CLANG_ENABLE_MODULES = YES;
				CLANG_ENABLE_OBJC_ARC = YES;
				CLANG_ENABLE_OBJC_WEAK = YES;
				CLANG_WARN_BLOCK_CAPTURE_AUTORELEASING = YES;
				CLANG_WARN_BOOL_CONVERSION = YES;
				CLANG_WARN_COMMA = YES;
				CLANG_WARN_CONSTANT_CONVERSION = YES;
				CLANG_WARN_DEPRECATED_OBJC_IMPLEMENTATIONS = YES;
				CLANG_WARN_DIRECT_OBJC_ISA_USAGE = YES_ERROR;
				CLANG_WARN_DOCUMENTATION_COMMENTS = YES;
				CLANG_WARN_EMPTY_BODY = YES;
				CLANG_WARN_ENUM_CONVERSION = YES;
				CLANG_WARN_INFINITE_RECURSION = YES;
				CLANG_WARN_INT_CONVERSION = YES;
				CLANG_WARN_NON_LITERAL_NULL_CONVERSION = YES;
				CLANG_WARN_OBJC_IMPLICIT_RETAIN_SELF = YES;
				CLANG_WARN_OBJC_LITERAL_CONVERSION = YES;
				CLANG_WARN_OBJC_ROOT_CLASS = YES_ERROR;
				CLANG_WARN_QUOTED_INCLUDE_IN_FRAMEWORK_HEADER = YES;
				CLANG_WARN_RANGE_LOOP_ANALYSIS = YES;
				CLANG_WARN_STRICT_PROTOTYPES = YES;
				CLANG_WARN_SUSPICIOUS_MOVE = YES;
				CLANG_WARN_UNGUARDED_AVAILABILITY = YES_AGGRESSIVE;
				CLANG_WARN_UNREACHABLE_CODE = YES;
				CLANG_WARN__DUPLICATE_METHOD_MATCH = YES;
				COPY_PHASE_STRIP = NO;
				DEBUG_INFORMATION_FORMAT = dwarf;
				ENABLE_STRICT_OBJC_MSGSEND = YES;
				ENABLE_TESTABILITY = YES;
				GCC_C_LANGUAGE_STANDARD = gnu11;
				GCC_DYNAMIC_NO_PIC = NO;
				GCC_NO_COMMON_BLOCKS = YES;
				GCC_OPTIMIZATION_LEVEL = 0;
				GCC_PREPROCESSOR_DEFINITIONS = (
					"DEBUG=1",
					"$(inherited)",
				);
				GCC_WARN_64_TO_32_BIT_CONVERSION = YES;
				GCC_WARN_ABOUT_RETURN_TYPE = YES_ERROR;
				GCC_WARN_UNDECLARED_SELECTOR = YES;
				GCC_WARN_UNINITIALIZED_AUTOS = YES_AGGRESSIVE;
				GCC_WARN_UNUSED_FUNCTION = YES;
				GCC_WARN_UNUSED_VARIABLE = YES;
				IPHONEOS_DEPLOYMENT_TARGET = 16.2;
				MTL_ENABLE_DEBUG_INFO = INCLUDE_SOURCE;
				MTL_FAST_MATH = YES;
				ONLY_ACTIVE_ARCH = YES;
				SDKROOT = iphoneos;
				SWIFT_ACTIVE_COMPILATION_CONDITIONS = DEBUG;
				SWIFT_OPTIMIZATION_LEVEL = "-Onone";
			};
			name = Debug;
		};
		BEEBFB3F2995B8AE00FAD75B /* Release */ = {
			isa = XCBuildConfiguration;
			buildSettings = {
				ALWAYS_SEARCH_USER_PATHS = NO;
				CLANG_ANALYZER_NONNULL = YES;
				CLANG_ANALYZER_NUMBER_OBJECT_CONVERSION = YES_AGGRESSIVE;
				CLANG_CXX_LANGUAGE_STANDARD = "gnu++20";
				CLANG_ENABLE_MODULES = YES;
				CLANG_ENABLE_OBJC_ARC = YES;
				CLANG_ENABLE_OBJC_WEAK = YES;
				CLANG_WARN_BLOCK_CAPTURE_AUTORELEASING = YES;
				CLANG_WARN_BOOL_CONVERSION = YES;
				CLANG_WARN_COMMA = YES;
				CLANG_WARN_CONSTANT_CONVERSION = YES;
				CLANG_WARN_DEPRECATED_OBJC_IMPLEMENTATIONS = YES;
				CLANG_WARN_DIRECT_OBJC_ISA_USAGE = YES_ERROR;
				CLANG_WARN_DOCUMENTATION_COMMENTS = YES;
				CLANG_WARN_EMPTY_BODY = YES;
				CLANG_WARN_ENUM_CONVERSION = YES;
				CLANG_WARN_INFINITE_RECURSION = YES;
				CLANG_WARN_INT_CONVERSION = YES;
				CLANG_WARN_NON_LITERAL_NULL_CONVERSION = YES;
				CLANG_WARN_OBJC_IMPLICIT_RETAIN_SELF = YES;
				CLANG_WARN_OBJC_LITERAL_CONVERSION = YES;
				CLANG_WARN_OBJC_ROOT_CLASS = YES_ERROR;
				CLANG_WARN_QUOTED_INCLUDE_IN_FRAMEWORK_HEADER = YES;
				CLANG_WARN_RANGE_LOOP_ANALYSIS = YES;
				CLANG_WARN_STRICT_PROTOTYPES = YES;
				CLANG_WARN_SUSPICIOUS_MOVE = YES;
				CLANG_WARN_UNGUARDED_AVAILABILITY = YES_AGGRESSIVE;
				CLANG_WARN_UNREACHABLE_CODE = YES;
				CLANG_WARN__DUPLICATE_METHOD_MATCH = YES;
				COPY_PHASE_STRIP = NO;
				DEBUG_INFORMATION_FORMAT = "dwarf-with-dsym";
				ENABLE_NS_ASSERTIONS = NO;
				ENABLE_STRICT_OBJC_MSGSEND = YES;
				GCC_C_LANGUAGE_STANDARD = gnu11;
				GCC_NO_COMMON_BLOCKS = YES;
				GCC_WARN_64_TO_32_BIT_CONVERSION = YES;
				GCC_WARN_ABOUT_RETURN_TYPE = YES_ERROR;
				GCC_WARN_UNDECLARED_SELECTOR = YES;
				GCC_WARN_UNINITIALIZED_AUTOS = YES_AGGRESSIVE;
				GCC_WARN_UNUSED_FUNCTION = YES;
				GCC_WARN_UNUSED_VARIABLE = YES;
				IPHONEOS_DEPLOYMENT_TARGET = 16.2;
				MTL_ENABLE_DEBUG_INFO = NO;
				MTL_FAST_MATH = YES;
				SDKROOT = iphoneos;
				SWIFT_COMPILATION_MODE = wholemodule;
				SWIFT_OPTIMIZATION_LEVEL = "-O";
				VALIDATE_PRODUCT = YES;
			};
			name = Release;
		};
		BEEBFB412995B8AE00FAD75B /* Debug */ = {
			isa = XCBuildConfiguration;
			buildSettings = {
				ASSETCATALOG_COMPILER_APPICON_NAME = AppIcon;
				ASSETCATALOG_COMPILER_GLOBAL_ACCENT_COLOR_NAME = AccentColor;
				CODE_SIGN_STYLE = Automatic;
				CURRENT_PROJECT_VERSION = 1;
				DEVELOPMENT_TEAM = 7QBR6L4T36;
				GENERATE_INFOPLIST_FILE = YES;
				INFOPLIST_FILE = YNews/Info.plist;
				INFOPLIST_KEY_UIApplicationSupportsIndirectInputEvents = YES;
				INFOPLIST_KEY_UILaunchStoryboardName = LaunchScreen;
				INFOPLIST_KEY_UISupportedInterfaceOrientations_iPad = "UIInterfaceOrientationPortrait UIInterfaceOrientationPortraitUpsideDown UIInterfaceOrientationLandscapeLeft UIInterfaceOrientationLandscapeRight";
				INFOPLIST_KEY_UISupportedInterfaceOrientations_iPhone = "UIInterfaceOrientationPortrait UIInterfaceOrientationLandscapeLeft UIInterfaceOrientationLandscapeRight";
				LD_RUNPATH_SEARCH_PATHS = (
					"$(inherited)",
					"@executable_path/Frameworks",
				);
				MARKETING_VERSION = 1.0;
				PRODUCT_BUNDLE_IDENTIFIER = com.jmanuelzaragoza.YNews;
				PRODUCT_NAME = "$(TARGET_NAME)";
				SUPPORTED_PLATFORMS = "iphoneos iphonesimulator";
				SUPPORTS_MACCATALYST = NO;
				SUPPORTS_MAC_DESIGNED_FOR_IPHONE_IPAD = NO;
				SWIFT_EMIT_LOC_STRINGS = YES;
				SWIFT_VERSION = 5.0;
				TARGETED_DEVICE_FAMILY = "1,2";
			};
			name = Debug;
		};
		BEEBFB422995B8AE00FAD75B /* Release */ = {
			isa = XCBuildConfiguration;
			buildSettings = {
				ASSETCATALOG_COMPILER_APPICON_NAME = AppIcon;
				ASSETCATALOG_COMPILER_GLOBAL_ACCENT_COLOR_NAME = AccentColor;
				CODE_SIGN_STYLE = Automatic;
				CURRENT_PROJECT_VERSION = 1;
				DEVELOPMENT_TEAM = 7QBR6L4T36;
				GENERATE_INFOPLIST_FILE = YES;
				INFOPLIST_FILE = YNews/Info.plist;
				INFOPLIST_KEY_UIApplicationSupportsIndirectInputEvents = YES;
				INFOPLIST_KEY_UILaunchStoryboardName = LaunchScreen;
				INFOPLIST_KEY_UISupportedInterfaceOrientations_iPad = "UIInterfaceOrientationPortrait UIInterfaceOrientationPortraitUpsideDown UIInterfaceOrientationLandscapeLeft UIInterfaceOrientationLandscapeRight";
				INFOPLIST_KEY_UISupportedInterfaceOrientations_iPhone = "UIInterfaceOrientationPortrait UIInterfaceOrientationLandscapeLeft UIInterfaceOrientationLandscapeRight";
				LD_RUNPATH_SEARCH_PATHS = (
					"$(inherited)",
					"@executable_path/Frameworks",
				);
				MARKETING_VERSION = 1.0;
				PRODUCT_BUNDLE_IDENTIFIER = com.jmanuelzaragoza.YNews;
				PRODUCT_NAME = "$(TARGET_NAME)";
				SUPPORTED_PLATFORMS = "iphoneos iphonesimulator";
				SUPPORTS_MACCATALYST = NO;
				SUPPORTS_MAC_DESIGNED_FOR_IPHONE_IPAD = NO;
				SWIFT_EMIT_LOC_STRINGS = YES;
				SWIFT_VERSION = 5.0;
				TARGETED_DEVICE_FAMILY = "1,2";
			};
			name = Release;
		};
/* End XCBuildConfiguration section */

/* Begin XCConfigurationList section */
		BEEBFB272995B8AE00FAD75B /* Build configuration list for PBXProject "YNews" */ = {
			isa = XCConfigurationList;
			buildConfigurations = (
				BEEBFB3E2995B8AE00FAD75B /* Debug */,
				BEEBFB3F2995B8AE00FAD75B /* Release */,
			);
			defaultConfigurationIsVisible = 0;
			defaultConfigurationName = Release;
		};
		BEEBFB402995B8AE00FAD75B /* Build configuration list for PBXNativeTarget "YNews" */ = {
			isa = XCConfigurationList;
			buildConfigurations = (
				BEEBFB412995B8AE00FAD75B /* Debug */,
				BEEBFB422995B8AE00FAD75B /* Release */,
			);
			defaultConfigurationIsVisible = 0;
			defaultConfigurationName = Release;
		};
/* End XCConfigurationList section */
	};
	rootObject = BEEBFB242995B8AE00FAD75B /* Project object */;
}
